
Microsoft Visual Studio Solution File, Format Version 12.00
# Visual Studio 15
VisualStudioVersion = 15.0.28010.2016
MinimumVisualStudioVersion = 10.0.40219.1
Project("{9A19103F-16F7-4668-BE54-9A1E7A4F7556}") = "Tal.InsurerPolicy.Api", "Tal.InsurerPolicy.Api\Tal.InsurerPolicy.Api.csproj", "{B62840C8-36BD-4FD3-B3AF-571057990228}"
EndProject
Project("{9A19103F-16F7-4668-BE54-9A1E7A4F7556}") = "Tal.InsurerPolicy.Data", "Tal.InsurancePolicy.Data\Tal.InsurerPolicy.Data.csproj", "{D002DA56-45DE-4C2A-A7FE-74E78514B2D9}"
EndProject
Project("{9A19103F-16F7-4668-BE54-9A1E7A4F7556}") = "Tal.InsurerPolicy.Domain", "Tal.InsurerPolicy.Domain\Tal.InsurerPolicy.Domain.csproj", "{58633E2D-34AD-40E7-B6D9-C022614BDA4F}"
EndProject
Project("{2150E333-8FDC-42A3-9474-1A3956D46DE8}") = "Solution Items", "Solution Items", "{930FA58E-5F6F-4269-A16D-30A7F291A151}"
	ProjectSection(SolutionItems) = preProject
		insurer-policy.csv = insurer-policy.csv
		README.txt = README.txt
	EndProjectSection
EndProject
Project("{9A19103F-16F7-4668-BE54-9A1E7A4F7556}") = "Tal.InsurerPolicy.Services", "Tal.InsurerPolicy.Services\Tal.InsurerPolicy.Services.csproj", "{95567804-791D-4EC4-B0F5-67F872C930DF}"
EndProject
Global
	GlobalSection(SolutionConfigurationPlatforms) = preSolution
		Debug|Any CPU = Debug|Any CPU
		Release|Any CPU = Release|Any CPU
	EndGlobalSection
	GlobalSection(ProjectConfigurationPlatforms) = postSolution
		{B62840C8-36BD-4FD3-B3AF-571057990228}.Debug|Any CPU.ActiveCfg = Debug|Any CPU
		{B62840C8-36BD-4FD3-B3AF-571057990228}.Debug|Any CPU.Build.0 = Debug|Any CPU
		{B62840C8-36BD-4FD3-B3AF-571057990228}.Release|Any CPU.ActiveCfg = Release|Any CPU
		{B62840C8-36BD-4FD3-B3AF-571057990228}.Release|Any CPU.Build.0 = Release|Any CPU
		{D002DA56-45DE-4C2A-A7FE-74E78514B2D9}.Debug|Any CPU.ActiveCfg = Debug|Any CPU
		{D002DA56-45DE-4C2A-A7FE-74E78514B2D9}.Debug|Any CPU.Build.0 = Debug|Any CPU
		{D002DA56-45DE-4C2A-A7FE-74E78514B2D9}.Release|Any CPU.ActiveCfg = Release|Any CPU
		{D002DA56-45DE-4C2A-A7FE-74E78514B2D9}.Release|Any CPU.Build.0 = Release|Any CPU
		{58633E2D-34AD-40E7-B6D9-C022614BDA4F}.Debug|Any CPU.ActiveCfg = Debug|Any CPU
		{58633E2D-34AD-40E7-B6D9-C022614BDA4F}.Debug|Any CPU.Build.0 = Debug|Any CPU
		{58633E2D-34AD-40E7-B6D9-C022614BDA4F}.Release|Any CPU.ActiveCfg = Release|Any CPU
		{58633E2D-34AD-40E7-B6D9-C022614BDA4F}.Release|Any CPU.Build.0 = Release|Any CPU
		{95567804-791D-4EC4-B0F5-67F872C930DF}.Debug|Any CPU.ActiveCfg = Debug|Any CPU
		{95567804-791D-4EC4-B0F5-67F872C930DF}.Debug|Any CPU.Build.0 = Debug|Any CPU
		{95567804-791D-4EC4-B0F5-67F872C930DF}.Release|Any CPU.ActiveCfg = Release|Any CPU
		{95567804-791D-4EC4-B0F5-67F872C930DF}.Release|Any CPU.Build.0 = Release|Any CPU
	EndGlobalSection
	GlobalSection(SolutionProperties) = preSolution
		HideSolutionNode = FALSE
	EndGlobalSection
	GlobalSection(ExtensibilityGlobals) = postSolution
		SolutionGuid = {DB83127A-A2C5-4866-A7B7-16A66908D437}
	EndGlobalSection
EndGlobal
